
Microsoft Visual Studio Solution File, Format Version 12.00
# Visual Studio 14
VisualStudioVersion = 14.0.25420.1
MinimumVisualStudioVersion = 10.0.40219.1
Project("{FAE04EC0-301F-11D3-BF4B-00C04F79EFBC}") = "Points.Droid", "Points.Droid\Points.Droid.csproj", "{51194654-538C-472B-932D-A94FD440CEC5}"
EndProject
Project("{FAE04EC0-301F-11D3-BF4B-00C04F79EFBC}") = "Points.Shared", "Points.Shared\Points.Shared.csproj", "{6F27501C-55C5-4643-8488-F0713BB36B80}"
EndProject
Project("{FAE04EC0-301F-11D3-BF4B-00C04F79EFBC}") = "Points.iOS", "Points.iOS\Points.iOS.csproj", "{7A314E23-5137-4780-A1F7-BB1A5AE76DFA}"
EndProject
Global
	GlobalSection(SolutionConfigurationPlatforms) = preSolution
		Ad-Hoc|Any CPU = Ad-Hoc|Any CPU
		Ad-Hoc|iPhone = Ad-Hoc|iPhone
		Ad-Hoc|iPhoneSimulator = Ad-Hoc|iPhoneSimulator
		AppStore|Any CPU = AppStore|Any CPU
		AppStore|iPhone = AppStore|iPhone
		AppStore|iPhoneSimulator = AppStore|iPhoneSimulator
		Debug|Any CPU = Debug|Any CPU
		Debug|iPhone = Debug|iPhone
		Debug|iPhoneSimulator = Debug|iPhoneSimulator
		Release|Any CPU = Release|Any CPU
		Release|iPhone = Release|iPhone
		Release|iPhoneSimulator = Release|iPhoneSimulator
	EndGlobalSection
	GlobalSection(ProjectConfigurationPlatforms) = postSolution
		{51194654-538C-472B-932D-A94FD440CEC5}.Ad-Hoc|Any CPU.ActiveCfg = Release|Any CPU
		{51194654-538C-472B-932D-A94FD440CEC5}.Ad-Hoc|Any CPU.Build.0 = Release|Any CPU
		{51194654-538C-472B-932D-A94FD440CEC5}.Ad-Hoc|Any CPU.Deploy.0 = Release|Any CPU
		{51194654-538C-472B-932D-A94FD440CEC5}.Ad-Hoc|iPhone.ActiveCfg = Release|Any CPU
		{51194654-538C-472B-932D-A94FD440CEC5}.Ad-Hoc|iPhone.Build.0 = Release|Any CPU
		{51194654-538C-472B-932D-A94FD440CEC5}.Ad-Hoc|iPhone.Deploy.0 = Release|Any CPU
		{51194654-538C-472B-932D-A94FD440CEC5}.Ad-Hoc|iPhoneSimulator.ActiveCfg = Release|Any CPU
		{51194654-538C-472B-932D-A94FD440CEC5}.Ad-Hoc|iPhoneSimulator.Build.0 = Release|Any CPU
		{51194654-538C-472B-932D-A94FD440CEC5}.Ad-Hoc|iPhoneSimulator.Deploy.0 = Release|Any CPU
		{51194654-538C-472B-932D-A94FD440CEC5}.AppStore|Any CPU.ActiveCfg = Release|Any CPU
		{51194654-538C-472B-932D-A94FD440CEC5}.AppStore|Any CPU.Build.0 = Release|Any CPU
		{51194654-538C-472B-932D-A94FD440CEC5}.AppStore|Any CPU.Deploy.0 = Release|Any CPU
		{51194654-538C-472B-932D-A94FD440CEC5}.AppStore|iPhone.ActiveCfg = Release|Any CPU
		{51194654-538C-472B-932D-A94FD440CEC5}.AppStore|iPhone.Build.0 = Release|Any CPU
		{51194654-538C-472B-932D-A94FD440CEC5}.AppStore|iPhone.Deploy.0 = Release|Any CPU
		{51194654-538C-472B-932D-A94FD440CEC5}.AppStore|iPhoneSimulator.ActiveCfg = Release|Any CPU
		{51194654-538C-472B-932D-A94FD440CEC5}.AppStore|iPhoneSimulator.Build.0 = Release|Any CPU
		{51194654-538C-472B-932D-A94FD440CEC5}.AppStore|iPhoneSimulator.Deploy.0 = Release|Any CPU
		{51194654-538C-472B-932D-A94FD440CEC5}.Debug|Any CPU.ActiveCfg = Debug|Any CPU
		{51194654-538C-472B-932D-A94FD440CEC5}.Debug|Any CPU.Build.0 = Debug|Any CPU
		{51194654-538C-472B-932D-A94FD440CEC5}.Debug|Any CPU.Deploy.0 = Debug|Any CPU
		{51194654-538C-472B-932D-A94FD440CEC5}.Debug|iPhone.ActiveCfg = Debug|Any CPU
		{51194654-538C-472B-932D-A94FD440CEC5}.Debug|iPhone.Build.0 = Debug|Any CPU
		{51194654-538C-472B-932D-A94FD440CEC5}.Debug|iPhone.Deploy.0 = Debug|Any CPU
		{51194654-538C-472B-932D-A94FD440CEC5}.Debug|iPhoneSimulator.ActiveCfg = Debug|Any CPU
		{51194654-538C-472B-932D-A94FD440CEC5}.Debug|iPhoneSimulator.Build.0 = Debug|Any CPU
		{51194654-538C-472B-932D-A94FD440CEC5}.Debug|iPhoneSimulator.Deploy.0 = Debug|Any CPU
		{51194654-538C-472B-932D-A94FD440CEC5}.Release|Any CPU.ActiveCfg = Release|Any CPU
		{51194654-538C-472B-932D-A94FD440CEC5}.Release|Any CPU.Build.0 = Release|Any CPU
		{51194654-538C-472B-932D-A94FD440CEC5}.Release|Any CPU.Deploy.0 = Release|Any CPU
		{51194654-538C-472B-932D-A94FD440CEC5}.Release|iPhone.ActiveCfg = Release|Any CPU
		{51194654-538C-472B-932D-A94FD440CEC5}.Release|iPhone.Build.0 = Release|Any CPU
		{51194654-538C-472B-932D-A94FD440CEC5}.Release|iPhone.Deploy.0 = Release|Any CPU
		{51194654-538C-472B-932D-A94FD440CEC5}.Release|iPhoneSimulator.ActiveCfg = Release|Any CPU
		{51194654-538C-472B-932D-A94FD440CEC5}.Release|iPhoneSimulator.Build.0 = Release|Any CPU
		{51194654-538C-472B-932D-A94FD440CEC5}.Release|iPhoneSimulator.Deploy.0 = Release|Any CPU
		{6F27501C-55C5-4643-8488-F0713BB36B80}.Ad-Hoc|Any CPU.ActiveCfg = Release|Any CPU
		{6F27501C-55C5-4643-8488-F0713BB36B80}.Ad-Hoc|Any CPU.Build.0 = Release|Any CPU
		{6F27501C-55C5-4643-8488-F0713BB36B80}.Ad-Hoc|iPhone.ActiveCfg = Release|Any CPU
		{6F27501C-55C5-4643-8488-F0713BB36B80}.Ad-Hoc|iPhone.Build.0 = Release|Any CPU
		{6F27501C-55C5-4643-8488-F0713BB36B80}.Ad-Hoc|iPhoneSimulator.ActiveCfg = Release|Any CPU
		{6F27501C-55C5-4643-8488-F0713BB36B80}.Ad-Hoc|iPhoneSimulator.Build.0 = Release|Any CPU
		{6F27501C-55C5-4643-8488-F0713BB36B80}.AppStore|Any CPU.ActiveCfg = Release|Any CPU
		{6F27501C-55C5-4643-8488-F0713BB36B80}.AppStore|Any CPU.Build.0 = Release|Any CPU
		{6F27501C-55C5-4643-8488-F0713BB36B80}.AppStore|iPhone.ActiveCfg = Release|Any CPU
		{6F27501C-55C5-4643-8488-F0713BB36B80}.AppStore|iPhone.Build.0 = Release|Any CPU
		{6F27501C-55C5-4643-8488-F0713BB36B80}.AppStore|iPhoneSimulator.ActiveCfg = Release|Any CPU
		{6F27501C-55C5-4643-8488-F0713BB36B80}.AppStore|iPhoneSimulator.Build.0 = Release|Any CPU
		{6F27501C-55C5-4643-8488-F0713BB36B80}.Debug|Any CPU.ActiveCfg = Debug|Any CPU
		{6F27501C-55C5-4643-8488-F0713BB36B80}.Debug|Any CPU.Build.0 = Debug|Any CPU
		{6F27501C-55C5-4643-8488-F0713BB36B80}.Debug|iPhone.ActiveCfg = Debug|Any CPU
		{6F27501C-55C5-4643-8488-F0713BB36B80}.Debug|iPhone.Build.0 = Debug|Any CPU
		{6F27501C-55C5-4643-8488-F0713BB36B80}.Debug|iPhoneSimulator.ActiveCfg = Debug|Any CPU
		{6F27501C-55C5-4643-8488-F0713BB36B80}.Debug|iPhoneSimulator.Build.0 = Debug|Any CPU
		{6F27501C-55C5-4643-8488-F0713BB36B80}.Release|Any CPU.ActiveCfg = Release|Any CPU
		{6F27501C-55C5-4643-8488-F0713BB36B80}.Release|Any CPU.Build.0 = Release|Any CPU
		{6F27501C-55C5-4643-8488-F0713BB36B80}.Release|iPhone.ActiveCfg = Release|Any CPU
		{6F27501C-55C5-4643-8488-F0713BB36B80}.Release|iPhone.Build.0 = Release|Any CPU
		{6F27501C-55C5-4643-8488-F0713BB36B80}.Release|iPhoneSimulator.ActiveCfg = Release|Any CPU
		{6F27501C-55C5-4643-8488-F0713BB36B80}.Release|iPhoneSimulator.Build.0 = Release|Any CPU
		{7A314E23-5137-4780-A1F7-BB1A5AE76DFA}.Ad-Hoc|Any CPU.ActiveCfg = Ad-Hoc|iPhone
		{7A314E23-5137-4780-A1F7-BB1A5AE76DFA}.Ad-Hoc|iPhone.ActiveCfg = Ad-Hoc|iPhone
		{7A314E23-5137-4780-A1F7-BB1A5AE76DFA}.Ad-Hoc|iPhone.Build.0 = Ad-Hoc|iPhone
		{7A314E23-5137-4780-A1F7-BB1A5AE76DFA}.Ad-Hoc|iPhoneSimulator.ActiveCfg = Ad-Hoc|iPhoneSimulator
		{7A314E23-5137-4780-A1F7-BB1A5AE76DFA}.Ad-Hoc|iPhoneSimulator.Build.0 = Ad-Hoc|iPhoneSimulator
		{7A314E23-5137-4780-A1F7-BB1A5AE76DFA}.AppStore|Any CPU.ActiveCfg = AppStore|iPhone
		{7A314E23-5137-4780-A1F7-BB1A5AE76DFA}.AppStore|iPhone.ActiveCfg = AppStore|iPhone
		{7A314E23-5137-4780-A1F7-BB1A5AE76DFA}.AppStore|iPhone.Build.0 = AppStore|iPhone
		{7A314E23-5137-4780-A1F7-BB1A5AE76DFA}.AppStore|iPhoneSimulator.ActiveCfg = AppStore|iPhoneSimulator
		{7A314E23-5137-4780-A1F7-BB1A5AE76DFA}.AppStore|iPhoneSimulator.Build.0 = AppStore|iPhoneSimulator
		{7A314E23-5137-4780-A1F7-BB1A5AE76DFA}.Debug|Any CPU.ActiveCfg = Debug|iPhone
		{7A314E23-5137-4780-A1F7-BB1A5AE76DFA}.Debug|iPhone.ActiveCfg = Debug|iPhone
		{7A314E23-5137-4780-A1F7-BB1A5AE76DFA}.Debug|iPhone.Build.0 = Debug|iPhone
		{7A314E23-5137-4780-A1F7-BB1A5AE76DFA}.Debug|iPhoneSimulator.ActiveCfg = Debug|iPhoneSimulator
		{7A314E23-5137-4780-A1F7-BB1A5AE76DFA}.Debug|iPhoneSimulator.Build.0 = Debug|iPhoneSimulator
		{7A314E23-5137-4780-A1F7-BB1A5AE76DFA}.Release|Any CPU.ActiveCfg = Release|iPhone
		{7A314E23-5137-4780-A1F7-BB1A5AE76DFA}.Release|iPhone.ActiveCfg = Release|iPhone
		{7A314E23-5137-4780-A1F7-BB1A5AE76DFA}.Release|iPhone.Build.0 = Release|iPhone
		{7A314E23-5137-4780-A1F7-BB1A5AE76DFA}.Release|iPhoneSimulator.ActiveCfg = Release|iPhoneSimulator
		{7A314E23-5137-4780-A1F7-BB1A5AE76DFA}.Release|iPhoneSimulator.Build.0 = Release|iPhoneSimulator
	EndGlobalSection
	GlobalSection(SolutionProperties) = preSolution
		HideSolutionNode = FALSE
	EndGlobalSection
EndGlobal
